
Microsoft Visual Studio Solution File, Format Version 12.00
# Visual Studio Version 16
VisualStudioVersion = 16.0.31702.278
MinimumVisualStudioVersion = 10.0.40219.1
Project("{9A19103F-16F7-4668-BE54-9A1E7A4F7556}") = "Test_Vorbereitung", "Test_Vorbereitung.csproj", "{A679C71C-607A-4694-860E-7BDA860586A7}"
EndProject
Project("{2150E333-8FDC-42A3-9474-1A3956D46DE8}") = "Angabe", "Angabe", "{CB34FC3C-042F-42DC-8CD5-F11229FB9C9E}"
EndProject
Global
	GlobalSection(SolutionConfigurationPlatforms) = preSolution
		Debug|Any CPU = Debug|Any CPU
		Release|Any CPU = Release|Any CPU
	EndGlobalSection
	GlobalSection(ProjectConfigurationPlatforms) = postSolution
		{A679C71C-607A-4694-860E-7BDA860586A7}.Debug|Any CPU.ActiveCfg = Debug|Any CPU
		{A679C71C-607A-4694-860E-7BDA860586A7}.Debug|Any CPU.Build.0 = Debug|Any CPU
		{A679C71C-607A-4694-860E-7BDA860586A7}.Release|Any CPU.ActiveCfg = Release|Any CPU
		{A679C71C-607A-4694-860E-7BDA860586A7}.Release|Any CPU.Build.0 = Release|Any CPU
	EndGlobalSection
	GlobalSection(SolutionProperties) = preSolution
		HideSolutionNode = FALSE
	EndGlobalSection
	GlobalSection(ExtensibilityGlobals) = postSolution
		SolutionGuid = {F0AEB23F-1CB6-46DB-B541-D7CA019BC674}
	EndGlobalSection
EndGlobal
